
Microsoft Visual Studio Solution File, Format Version 11.00
# Visual Studio 2010
Project("{F184B08F-C81C-45F6-A57F-5ABD9991F28F}") = "Sistema Nik Semillas", "Nik Semillas\Sistema Nik Semillas.vbproj", "{2DA5FFC0-8317-4162-8321-0714E00DDEFC}"
EndProject
Project("{F184B08F-C81C-45F6-A57F-5ABD9991F28F}") = "Subsistema Web Nik", "Subsistema Web Nik\Subsistema Web Nik.vbproj", "{A06B9592-6D7D-486B-8E7A-31E5C56CDD7C}"
EndProject
Global
	GlobalSection(SolutionConfigurationPlatforms) = preSolution
		Debug|Any CPU = Debug|Any CPU
		Debug|Mixed Platforms = Debug|Mixed Platforms
		Debug|x86 = Debug|x86
		Release|Any CPU = Release|Any CPU
		Release|Mixed Platforms = Release|Mixed Platforms
		Release|x86 = Release|x86
	EndGlobalSection
	GlobalSection(ProjectConfigurationPlatforms) = postSolution
		{2DA5FFC0-8317-4162-8321-0714E00DDEFC}.Debug|Any CPU.ActiveCfg = Debug|x86
		{2DA5FFC0-8317-4162-8321-0714E00DDEFC}.Debug|Mixed Platforms.ActiveCfg = Debug|x86
		{2DA5FFC0-8317-4162-8321-0714E00DDEFC}.Debug|Mixed Platforms.Build.0 = Debug|x86
		{2DA5FFC0-8317-4162-8321-0714E00DDEFC}.Debug|x86.ActiveCfg = Debug|x86
		{2DA5FFC0-8317-4162-8321-0714E00DDEFC}.Debug|x86.Build.0 = Debug|x86
		{2DA5FFC0-8317-4162-8321-0714E00DDEFC}.Release|Any CPU.ActiveCfg = Release|x86
		{2DA5FFC0-8317-4162-8321-0714E00DDEFC}.Release|Mixed Platforms.ActiveCfg = Release|x86
		{2DA5FFC0-8317-4162-8321-0714E00DDEFC}.Release|Mixed Platforms.Build.0 = Release|x86
		{2DA5FFC0-8317-4162-8321-0714E00DDEFC}.Release|x86.ActiveCfg = Release|x86
		{2DA5FFC0-8317-4162-8321-0714E00DDEFC}.Release|x86.Build.0 = Release|x86
		{A06B9592-6D7D-486B-8E7A-31E5C56CDD7C}.Debug|Any CPU.ActiveCfg = Debug|Any CPU
		{A06B9592-6D7D-486B-8E7A-31E5C56CDD7C}.Debug|Any CPU.Build.0 = Debug|Any CPU
		{A06B9592-6D7D-486B-8E7A-31E5C56CDD7C}.Debug|Mixed Platforms.ActiveCfg = Debug|Any CPU
		{A06B9592-6D7D-486B-8E7A-31E5C56CDD7C}.Debug|Mixed Platforms.Build.0 = Debug|Any CPU
		{A06B9592-6D7D-486B-8E7A-31E5C56CDD7C}.Debug|x86.ActiveCfg = Debug|Any CPU
		{A06B9592-6D7D-486B-8E7A-31E5C56CDD7C}.Release|Any CPU.ActiveCfg = Release|Any CPU
		{A06B9592-6D7D-486B-8E7A-31E5C56CDD7C}.Release|Any CPU.Build.0 = Release|Any CPU
		{A06B9592-6D7D-486B-8E7A-31E5C56CDD7C}.Release|Mixed Platforms.ActiveCfg = Release|Any CPU
		{A06B9592-6D7D-486B-8E7A-31E5C56CDD7C}.Release|Mixed Platforms.Build.0 = Release|Any CPU
		{A06B9592-6D7D-486B-8E7A-31E5C56CDD7C}.Release|x86.ActiveCfg = Release|Any CPU
	EndGlobalSection
	GlobalSection(SolutionProperties) = preSolution
		HideSolutionNode = FALSE
	EndGlobalSection
EndGlobal
